Microsoft Visual Studio Solution File, Format Version 12.00
# Visual Studio 2012
Project("{FAE04EC0-301F-11D3-BF4B-00C04F79EFBC}") = "Godot TPS Sharp Server", "Godot TPS Sharp Server.csproj", "{0682D0B4-8232-4CB0-A389-CFE44C1141FD}"
EndProject
Global
	GlobalSection(SolutionConfigurationPlatforms) = preSolution
	Debug|Any CPU = Debug|Any CPU
	ExportDebug|Any CPU = ExportDebug|Any CPU
	ExportRelease|Any CPU = ExportRelease|Any CPU
	EndGlobalSection
	GlobalSection(ProjectConfigurationPlatforms) = postSolution
		{0682D0B4-8232-4CB0-A389-CFE44C1141FD}.Debug|Any CPU.ActiveCfg = Debug|Any CPU
		{0682D0B4-8232-4CB0-A389-CFE44C1141FD}.Debug|Any CPU.Build.0 = Debug|Any CPU
		{0682D0B4-8232-4CB0-A389-CFE44C1141FD}.ExportDebug|Any CPU.ActiveCfg = ExportDebug|Any CPU
		{0682D0B4-8232-4CB0-A389-CFE44C1141FD}.ExportDebug|Any CPU.Build.0 = ExportDebug|Any CPU
		{0682D0B4-8232-4CB0-A389-CFE44C1141FD}.ExportRelease|Any CPU.ActiveCfg = ExportRelease|Any CPU
		{0682D0B4-8232-4CB0-A389-CFE44C1141FD}.ExportRelease|Any CPU.Build.0 = ExportRelease|Any CPU
	EndGlobalSection
EndGlobal
